
Microsoft Visual Studio Solution File, Format Version 12.00
# Visual Studio 15
VisualStudioVersion = 15.0.27004.2005
MinimumVisualStudioVersion = 10.0.40219.1
Project("{FAE04EC0-301F-11D3-BF4B-00C04F79EFBC}") = "PizzaOrders", "PizzaOrders\PizzaOrders.csproj", "{07008090-A546-4810-93C8-3EE422BE561B}"
EndProject
Global
	GlobalSection(SolutionConfigurationPlatforms) = preSolution
		Debug|Any CPU = Debug|Any CPU
		Release|Any CPU = Release|Any CPU
	EndGlobalSection
	GlobalSection(ProjectConfigurationPlatforms) = postSolution
		{07008090-A546-4810-93C8-3EE422BE561B}.Debug|Any CPU.ActiveCfg = Debug|Any CPU
		{07008090-A546-4810-93C8-3EE422BE561B}.Debug|Any CPU.Build.0 = Debug|Any CPU
		{07008090-A546-4810-93C8-3EE422BE561B}.Release|Any CPU.ActiveCfg = Release|Any CPU
		{07008090-A546-4810-93C8-3EE422BE561B}.Release|Any CPU.Build.0 = Release|Any CPU
	EndGlobalSection
	GlobalSection(SolutionProperties) = preSolution
		HideSolutionNode = FALSE
	EndGlobalSection
	GlobalSection(ExtensibilityGlobals) = postSolution
		SolutionGuid = {CCE40E90-2513-402D-9336-2085F0BC1B5C}
	EndGlobalSection
EndGlobal
